
Microsoft Visual Studio Solution File, Format Version 12.00

Project("{FAE04EC0-301F-11D3-BF4B-00C04F79EFBC}") = "Yp.EventsApi.Presentation", "Yp.EventsApi.Presentation\Yp.EventsApi.Presentation.csproj", "{4B7CE8FF-87BC-4471-B00E-EC9625C626D1}"
	ProjectSection(ProjectDependencies) = postProject
		{AC209359-ECC4-4A71-95A1-AA66428746C7} = {AC209359-ECC4-4A71-95A1-AA66428746C7}
		{547A7DBA-CB5F-4CD4-98BE-81E4C4DC59AA} = {547A7DBA-CB5F-4CD4-98BE-81E4C4DC59AA}
	EndProjectSection
EndProject
Project("{FAE04EC0-301F-11D3-BF4B-00C04F79EFBC}") = "Yp.EventsApi.Application", "Yp.EventsApi.Application\Yp.EventsApi.Application.csproj", "{AC209359-ECC4-4A71-95A1-AA66428746C7}"
	ProjectSection(ProjectDependencies) = postProject
		{8485F298-4E57-40A7-BBDE-95E873DB1E12} = {8485F298-4E57-40A7-BBDE-95E873DB1E12}
	EndProjectSection
EndProject
Project("{FAE04EC0-301F-11D3-BF4B-00C04F79EFBC}") = "Yp.EventsApi.Tests", "Yp.EventsApi.Tests\Yp.EventsApi.Tests.csproj", "{2350444F-7B12-4951-BAAD-C9FA7CD1BA86}"
EndProject
Project("{FAE04EC0-301F-11D3-BF4B-00C04F79EFBC}") = "Yp.EventsApi.IntegrationTests", "Yp.EventsApi.IntegrationTests\Yp.EventsApi.IntegrationTests.csproj", "{CFCF5D47-3605-4C24-8F8B-3110ED915686}"
EndProject
Project("{FAE04EC0-301F-11D3-BF4B-00C04F79EFBC}") = "Yp.EventsApi.Infrastructure", "Yp.EventsApi.Infrastructure\Yp.EventsApi.Infrastructure.csproj", "{547A7DBA-CB5F-4CD4-98BE-81E4C4DC59AA}"
	ProjectSection(ProjectDependencies) = postProject
		{AC209359-ECC4-4A71-95A1-AA66428746C7} = {AC209359-ECC4-4A71-95A1-AA66428746C7}
		{8485F298-4E57-40A7-BBDE-95E873DB1E12} = {8485F298-4E57-40A7-BBDE-95E873DB1E12}
	EndProjectSection
EndProject
Project("{FAE04EC0-301F-11D3-BF4B-00C04F79EFBC}") = "Yp.EventsApi.Domain", "Yp.EventsApi.Domain\Yp.EventsApi.Domain.csproj", "{8485F298-4E57-40A7-BBDE-95E873DB1E12}"
EndProject
Global
	GlobalSection(ProjectConfigurationPlatforms) = postSolution
		{AC209359-ECC4-4A71-95A1-AA66428746C7}.Debug|Any CPU.ActiveCfg = Debug|Any CPU
		{AC209359-ECC4-4A71-95A1-AA66428746C7}.Debug|Any CPU.Build.0 = Debug|Any CPU
		{AC209359-ECC4-4A71-95A1-AA66428746C7}.Release|Any CPU.ActiveCfg = Release|Any CPU
		{AC209359-ECC4-4A71-95A1-AA66428746C7}.Release|Any CPU.Build.0 = Release|Any CPU
		{4B7CE8FF-87BC-4471-B00E-EC9625C626D1}.Debug|Any CPU.ActiveCfg = Debug|Any CPU
		{4B7CE8FF-87BC-4471-B00E-EC9625C626D1}.Debug|Any CPU.Build.0 = Debug|Any CPU
		{4B7CE8FF-87BC-4471-B00E-EC9625C626D1}.Release|Any CPU.ActiveCfg = Release|Any CPU
		{4B7CE8FF-87BC-4471-B00E-EC9625C626D1}.Release|Any CPU.Build.0 = Release|Any CPU
		{2350444F-7B12-4951-BAAD-C9FA7CD1BA86}.Debug|Any CPU.ActiveCfg = Debug|Any CPU
		{2350444F-7B12-4951-BAAD-C9FA7CD1BA86}.Debug|Any CPU.Build.0 = Debug|Any CPU
		{2350444F-7B12-4951-BAAD-C9FA7CD1BA86}.Release|Any CPU.ActiveCfg = Release|Any CPU
		{2350444F-7B12-4951-BAAD-C9FA7CD1BA86}.Release|Any CPU.Build.0 = Release|Any CPU
		{CFCF5D47-3605-4C24-8F8B-3110ED915686}.Debug|Any CPU.ActiveCfg = Debug|Any CPU
		{CFCF5D47-3605-4C24-8F8B-3110ED915686}.Debug|Any CPU.Build.0 = Debug|Any CPU
		{CFCF5D47-3605-4C24-8F8B-3110ED915686}.Release|Any CPU.ActiveCfg = Release|Any CPU
		{CFCF5D47-3605-4C24-8F8B-3110ED915686}.Release|Any CPU.Build.0 = Release|Any CPU
		{547A7DBA-CB5F-4CD4-98BE-81E4C4DC59AA}.Debug|Any CPU.ActiveCfg = Debug|Any CPU
		{547A7DBA-CB5F-4CD4-98BE-81E4C4DC59AA}.Debug|Any CPU.Build.0 = Debug|Any CPU
		{547A7DBA-CB5F-4CD4-98BE-81E4C4DC59AA}.Release|Any CPU.ActiveCfg = Release|Any CPU
		{547A7DBA-CB5F-4CD4-98BE-81E4C4DC59AA}.Release|Any CPU.Build.0 = Release|Any CPU
		{8485F298-4E57-40A7-BBDE-95E873DB1E12}.Debug|Any CPU.ActiveCfg = Debug|Any CPU
		{8485F298-4E57-40A7-BBDE-95E873DB1E12}.Debug|Any CPU.Build.0 = Debug|Any CPU
		{8485F298-4E57-40A7-BBDE-95E873DB1E12}.Release|Any CPU.ActiveCfg = Release|Any CPU
		{8485F298-4E57-40A7-BBDE-95E873DB1E12}.Release|Any CPU.Build.0 = Release|Any CPU
	EndGlobalSection
	GlobalSection(SolutionConfigurationPlatforms) = preSolution
		Debug|Any CPU = Debug|Any CPU
		Release|Any CPU = Release|Any CPU
	EndGlobalSection
EndGlobal
