
Microsoft Visual Studio Solution File, Format Version 12.00
Project("{FAE04EC0-301F-11D3-BF4B-00C04F79EFBC}") = "Presentation", "Presentation\Presentation.csproj", "{B1C2838B-6D7C-4D01-848F-4DEB02F471AE}"
	ProjectSection(ProjectDependencies) = postProject
		{70BD0CCA-99D5-4F98-8899-1ED2ECEE20F2} = {70BD0CCA-99D5-4F98-8899-1ED2ECEE20F2}
		{17416DD8-E3C7-4544-8796-C9BFE324644C} = {17416DD8-E3C7-4544-8796-C9BFE324644C}
	EndProjectSection
EndProject
Project("{FAE04EC0-301F-11D3-BF4B-00C04F79EFBC}") = "Infrastructure", "Infrastructure\Infrastructure.csproj", "{70BD0CCA-99D5-4F98-8899-1ED2ECEE20F2}"
	ProjectSection(ProjectDependencies) = postProject
		{17416DD8-E3C7-4544-8796-C9BFE324644C} = {17416DD8-E3C7-4544-8796-C9BFE324644C}
	EndProjectSection
EndProject
Project("{FAE04EC0-301F-11D3-BF4B-00C04F79EFBC}") = "Domain", "Domain\Domain.csproj", "{BD72C464-0636-4B4D-98C6-C7C2D60F387A}"
EndProject
Project("{FAE04EC0-301F-11D3-BF4B-00C04F79EFBC}") = "Application", "Application\Application.csproj", "{17416DD8-E3C7-4544-8796-C9BFE324644C}"
	ProjectSection(ProjectDependencies) = postProject
		{BD72C464-0636-4B4D-98C6-C7C2D60F387A} = {BD72C464-0636-4B4D-98C6-C7C2D60F387A}
	EndProjectSection
EndProject
Project("{FAE04EC0-301F-11D3-BF4B-00C04F79EFBC}") = "Shared", "..\Shared\Shared.csproj", "{33791FAC-48BA-4971-8D93-C1391151480D}"
EndProject
Global
	GlobalSection(SolutionConfigurationPlatforms) = preSolution
		Debug|Any CPU = Debug|Any CPU
		Release|Any CPU = Release|Any CPU
	EndGlobalSection
	GlobalSection(ProjectConfigurationPlatforms) = postSolution
		{B1C2838B-6D7C-4D01-848F-4DEB02F471AE}.Debug|Any CPU.ActiveCfg = Debug|Any CPU
		{B1C2838B-6D7C-4D01-848F-4DEB02F471AE}.Debug|Any CPU.Build.0 = Debug|Any CPU
		{B1C2838B-6D7C-4D01-848F-4DEB02F471AE}.Release|Any CPU.ActiveCfg = Release|Any CPU
		{B1C2838B-6D7C-4D01-848F-4DEB02F471AE}.Release|Any CPU.Build.0 = Release|Any CPU
		{70BD0CCA-99D5-4F98-8899-1ED2ECEE20F2}.Debug|Any CPU.ActiveCfg = Debug|Any CPU
		{70BD0CCA-99D5-4F98-8899-1ED2ECEE20F2}.Debug|Any CPU.Build.0 = Debug|Any CPU
		{70BD0CCA-99D5-4F98-8899-1ED2ECEE20F2}.Release|Any CPU.ActiveCfg = Release|Any CPU
		{70BD0CCA-99D5-4F98-8899-1ED2ECEE20F2}.Release|Any CPU.Build.0 = Release|Any CPU
		{BD72C464-0636-4B4D-98C6-C7C2D60F387A}.Debug|Any CPU.ActiveCfg = Debug|Any CPU
		{BD72C464-0636-4B4D-98C6-C7C2D60F387A}.Debug|Any CPU.Build.0 = Debug|Any CPU
		{BD72C464-0636-4B4D-98C6-C7C2D60F387A}.Release|Any CPU.ActiveCfg = Release|Any CPU
		{BD72C464-0636-4B4D-98C6-C7C2D60F387A}.Release|Any CPU.Build.0 = Release|Any CPU
		{17416DD8-E3C7-4544-8796-C9BFE324644C}.Debug|Any CPU.ActiveCfg = Debug|Any CPU
		{17416DD8-E3C7-4544-8796-C9BFE324644C}.Debug|Any CPU.Build.0 = Debug|Any CPU
		{17416DD8-E3C7-4544-8796-C9BFE324644C}.Release|Any CPU.ActiveCfg = Release|Any CPU
		{17416DD8-E3C7-4544-8796-C9BFE324644C}.Release|Any CPU.Build.0 = Release|Any CPU
		{33791FAC-48BA-4971-8D93-C1391151480D}.Debug|Any CPU.ActiveCfg = Debug|Any CPU
		{33791FAC-48BA-4971-8D93-C1391151480D}.Debug|Any CPU.Build.0 = Debug|Any CPU
		{33791FAC-48BA-4971-8D93-C1391151480D}.Release|Any CPU.ActiveCfg = Release|Any CPU
		{33791FAC-48BA-4971-8D93-C1391151480D}.Release|Any CPU.Build.0 = Release|Any CPU
	EndGlobalSection
EndGlobal
